
Microsoft Visual Studio Solution File, Format Version 12.00
# Visual Studio Version 17
VisualStudioVersion = 17.5.33530.505
MinimumVisualStudioVersion = 10.0.40219.1
Project("{FAE04EC0-301F-11D3-BF4B-00C04F79EFBC}") = "e-Agenda.WinApp", "e-Agenda.WinApp\e-Agenda.WinApp.csproj", "{219B2638-9B28-44BE-BB75-80B921D74791}"
EndProject
Project("{FAE04EC0-301F-11D3-BF4B-00C04F79EFBC}") = "e-Agenda.ConsoleApp", "e-Agenda.ConsoleApp\e-Agenda.ConsoleApp.csproj", "{910B30C3-6BD5-4C3B-A4F5-B7E466A032B6}"
EndProject
Global
	GlobalSection(SolutionConfigurationPlatforms) = preSolution
		Debug|Any CPU = Debug|Any CPU
		Release|Any CPU = Release|Any CPU
	EndGlobalSection
	GlobalSection(ProjectConfigurationPlatforms) = postSolution
		{219B2638-9B28-44BE-BB75-80B921D74791}.Debug|Any CPU.ActiveCfg = Debug|Any CPU
		{219B2638-9B28-44BE-BB75-80B921D74791}.Debug|Any CPU.Build.0 = Debug|Any CPU
		{219B2638-9B28-44BE-BB75-80B921D74791}.Release|Any CPU.ActiveCfg = Release|Any CPU
		{219B2638-9B28-44BE-BB75-80B921D74791}.Release|Any CPU.Build.0 = Release|Any CPU
		{910B30C3-6BD5-4C3B-A4F5-B7E466A032B6}.Debug|Any CPU.ActiveCfg = Debug|Any CPU
		{910B30C3-6BD5-4C3B-A4F5-B7E466A032B6}.Debug|Any CPU.Build.0 = Debug|Any CPU
		{910B30C3-6BD5-4C3B-A4F5-B7E466A032B6}.Release|Any CPU.ActiveCfg = Release|Any CPU
		{910B30C3-6BD5-4C3B-A4F5-B7E466A032B6}.Release|Any CPU.Build.0 = Release|Any CPU
	EndGlobalSection
	GlobalSection(SolutionProperties) = preSolution
		HideSolutionNode = FALSE
	EndGlobalSection
	GlobalSection(ExtensibilityGlobals) = postSolution
		SolutionGuid = {585A8F0E-060F-4CE0-9610-78016AC74207}
	EndGlobalSection
EndGlobal
